
Microsoft Visual Studio Solution File, Format Version 12.00
# Visual Studio Version 17
VisualStudioVersion = 17.9.34607.119
MinimumVisualStudioVersion = 10.0.40219.1
Project("{8BC9CEB8-8B4A-11D0-8D11-00A0C91BC942}") = "猴子买桃", "猴子买桃\猴子买桃.vcxproj", "{62ED7702-8BB1-4411-B975-3662B9E9EB04}"
EndProject
Project("{8BC9CEB8-8B4A-11D0-8D11-00A0C91BC942}") = "最大公约数及最小公倍数", "最大公约数及最小公倍数\最大公约数及最小公倍数.vcxproj", "{87F2872A-12A9-4F54-BD48-889A4135FA65}"
EndProject
Project("{8BC9CEB8-8B4A-11D0-8D11-00A0C91BC942}") = "整数分解-正序", "整数分解-正序\整数分解-正序.vcxproj", "{C7E93C68-3517-416F-8DFC-DFD9ED33D7AB}"
EndProject
Project("{8BC9CEB8-8B4A-11D0-8D11-00A0C91BC942}") = "整数分解-逆序", "整数分解-逆序\整数分解-逆序.vcxproj", "{E08CD9B7-F063-4BE1-8948-02AD9180B644}"
EndProject
Project("{8BC9CEB8-8B4A-11D0-8D11-00A0C91BC942}") = "斐波那契数列", "斐波那契数列\斐波那契数列.vcxproj", "{778E2384-3AD3-4399-AFAA-7B202F6930DA}"
EndProject
Project("{8BC9CEB8-8B4A-11D0-8D11-00A0C91BC942}") = "判断是否为幂", "判断是否为幂\判断是否为幂.vcxproj", "{394377DB-F1FE-4E55-B7F1-37B216BBD357}"
EndProject
Project("{8BC9CEB8-8B4A-11D0-8D11-00A0C91BC942}") = "打印字母塔", "打印字母塔\打印字母塔.vcxproj", "{475D6731-537F-4BE7-9326-05EAA75B29B7}"
EndProject
Project("{8BC9CEB8-8B4A-11D0-8D11-00A0C91BC942}") = "汉诺塔-基本移动", "汉诺塔-基本移动\汉诺塔-基本移动.vcxproj", "{DC7CF987-29AE-4A9D-A16F-3287168DFC06}"
EndProject
Global
	GlobalSection(SolutionConfigurationPlatforms) = preSolution
		Debug|x64 = Debug|x64
		Debug|x86 = Debug|x86
		Release|x64 = Release|x64
		Release|x86 = Release|x86
	EndGlobalSection
	GlobalSection(ProjectConfigurationPlatforms) = postSolution
		{62ED7702-8BB1-4411-B975-3662B9E9EB04}.Debug|x64.ActiveCfg = Debug|x64
		{62ED7702-8BB1-4411-B975-3662B9E9EB04}.Debug|x64.Build.0 = Debug|x64
		{62ED7702-8BB1-4411-B975-3662B9E9EB04}.Debug|x86.ActiveCfg = Debug|Win32
		{62ED7702-8BB1-4411-B975-3662B9E9EB04}.Debug|x86.Build.0 = Debug|Win32
		{62ED7702-8BB1-4411-B975-3662B9E9EB04}.Release|x64.ActiveCfg = Release|x64
		{62ED7702-8BB1-4411-B975-3662B9E9EB04}.Release|x64.Build.0 = Release|x64
		{62ED7702-8BB1-4411-B975-3662B9E9EB04}.Release|x86.ActiveCfg = Release|Win32
		{62ED7702-8BB1-4411-B975-3662B9E9EB04}.Release|x86.Build.0 = Release|Win32
		{87F2872A-12A9-4F54-BD48-889A4135FA65}.Debug|x64.ActiveCfg = Debug|x64
		{87F2872A-12A9-4F54-BD48-889A4135FA65}.Debug|x64.Build.0 = Debug|x64
		{87F2872A-12A9-4F54-BD48-889A4135FA65}.Debug|x86.ActiveCfg = Debug|Win32
		{87F2872A-12A9-4F54-BD48-889A4135FA65}.Debug|x86.Build.0 = Debug|Win32
		{87F2872A-12A9-4F54-BD48-889A4135FA65}.Release|x64.ActiveCfg = Release|x64
		{87F2872A-12A9-4F54-BD48-889A4135FA65}.Release|x64.Build.0 = Release|x64
		{87F2872A-12A9-4F54-BD48-889A4135FA65}.Release|x86.ActiveCfg = Release|Win32
		{87F2872A-12A9-4F54-BD48-889A4135FA65}.Release|x86.Build.0 = Release|Win32
		{C7E93C68-3517-416F-8DFC-DFD9ED33D7AB}.Debug|x64.ActiveCfg = Debug|x64
		{C7E93C68-3517-416F-8DFC-DFD9ED33D7AB}.Debug|x64.Build.0 = Debug|x64
		{C7E93C68-3517-416F-8DFC-DFD9ED33D7AB}.Debug|x86.ActiveCfg = Debug|Win32
		{C7E93C68-3517-416F-8DFC-DFD9ED33D7AB}.Debug|x86.Build.0 = Debug|Win32
		{C7E93C68-3517-416F-8DFC-DFD9ED33D7AB}.Release|x64.ActiveCfg = Release|x64
		{C7E93C68-3517-416F-8DFC-DFD9ED33D7AB}.Release|x64.Build.0 = Release|x64
		{C7E93C68-3517-416F-8DFC-DFD9ED33D7AB}.Release|x86.ActiveCfg = Release|Win32
		{C7E93C68-3517-416F-8DFC-DFD9ED33D7AB}.Release|x86.Build.0 = Release|Win32
		{E08CD9B7-F063-4BE1-8948-02AD9180B644}.Debug|x64.ActiveCfg = Debug|x64
		{E08CD9B7-F063-4BE1-8948-02AD9180B644}.Debug|x64.Build.0 = Debug|x64
		{E08CD9B7-F063-4BE1-8948-02AD9180B644}.Debug|x86.ActiveCfg = Debug|Win32
		{E08CD9B7-F063-4BE1-8948-02AD9180B644}.Debug|x86.Build.0 = Debug|Win32
		{E08CD9B7-F063-4BE1-8948-02AD9180B644}.Release|x64.ActiveCfg = Release|x64
		{E08CD9B7-F063-4BE1-8948-02AD9180B644}.Release|x64.Build.0 = Release|x64
		{E08CD9B7-F063-4BE1-8948-02AD9180B644}.Release|x86.ActiveCfg = Release|Win32
		{E08CD9B7-F063-4BE1-8948-02AD9180B644}.Release|x86.Build.0 = Release|Win32
		{778E2384-3AD3-4399-AFAA-7B202F6930DA}.Debug|x64.ActiveCfg = Debug|x64
		{778E2384-3AD3-4399-AFAA-7B202F6930DA}.Debug|x64.Build.0 = Debug|x64
		{778E2384-3AD3-4399-AFAA-7B202F6930DA}.Debug|x86.ActiveCfg = Debug|Win32
		{778E2384-3AD3-4399-AFAA-7B202F6930DA}.Debug|x86.Build.0 = Debug|Win32
		{778E2384-3AD3-4399-AFAA-7B202F6930DA}.Release|x64.ActiveCfg = Release|x64
		{778E2384-3AD3-4399-AFAA-7B202F6930DA}.Release|x64.Build.0 = Release|x64
		{778E2384-3AD3-4399-AFAA-7B202F6930DA}.Release|x86.ActiveCfg = Release|Win32
		{778E2384-3AD3-4399-AFAA-7B202F6930DA}.Release|x86.Build.0 = Release|Win32
		{394377DB-F1FE-4E55-B7F1-37B216BBD357}.Debug|x64.ActiveCfg = Debug|x64
		{394377DB-F1FE-4E55-B7F1-37B216BBD357}.Debug|x64.Build.0 = Debug|x64
		{394377DB-F1FE-4E55-B7F1-37B216BBD357}.Debug|x86.ActiveCfg = Debug|Win32
		{394377DB-F1FE-4E55-B7F1-37B216BBD357}.Debug|x86.Build.0 = Debug|Win32
		{394377DB-F1FE-4E55-B7F1-37B216BBD357}.Release|x64.ActiveCfg = Release|x64
		{394377DB-F1FE-4E55-B7F1-37B216BBD357}.Release|x64.Build.0 = Release|x64
		{394377DB-F1FE-4E55-B7F1-37B216BBD357}.Release|x86.ActiveCfg = Release|Win32
		{394377DB-F1FE-4E55-B7F1-37B216BBD357}.Release|x86.Build.0 = Release|Win32
		{475D6731-537F-4BE7-9326-05EAA75B29B7}.Debug|x64.ActiveCfg = Debug|x64
		{475D6731-537F-4BE7-9326-05EAA75B29B7}.Debug|x64.Build.0 = Debug|x64
		{475D6731-537F-4BE7-9326-05EAA75B29B7}.Debug|x86.ActiveCfg = Debug|Win32
		{475D6731-537F-4BE7-9326-05EAA75B29B7}.Debug|x86.Build.0 = Debug|Win32
		{475D6731-537F-4BE7-9326-05EAA75B29B7}.Release|x64.ActiveCfg = Release|x64
		{475D6731-537F-4BE7-9326-05EAA75B29B7}.Release|x64.Build.0 = Release|x64
		{475D6731-537F-4BE7-9326-05EAA75B29B7}.Release|x86.ActiveCfg = Release|Win32
		{475D6731-537F-4BE7-9326-05EAA75B29B7}.Release|x86.Build.0 = Release|Win32
		{DC7CF987-29AE-4A9D-A16F-3287168DFC06}.Debug|x64.ActiveCfg = Debug|x64
		{DC7CF987-29AE-4A9D-A16F-3287168DFC06}.Debug|x64.Build.0 = Debug|x64
		{DC7CF987-29AE-4A9D-A16F-3287168DFC06}.Debug|x86.ActiveCfg = Debug|Win32
		{DC7CF987-29AE-4A9D-A16F-3287168DFC06}.Debug|x86.Build.0 = Debug|Win32
		{DC7CF987-29AE-4A9D-A16F-3287168DFC06}.Release|x64.ActiveCfg = Release|x64
		{DC7CF987-29AE-4A9D-A16F-3287168DFC06}.Release|x64.Build.0 = Release|x64
		{DC7CF987-29AE-4A9D-A16F-3287168DFC06}.Release|x86.ActiveCfg = Release|Win32
		{DC7CF987-29AE-4A9D-A16F-3287168DFC06}.Release|x86.Build.0 = Release|Win32
	EndGlobalSection
	GlobalSection(SolutionProperties) = preSolution
		HideSolutionNode = FALSE
	EndGlobalSection
	GlobalSection(ExtensibilityGlobals) = postSolution
		SolutionGuid = {A63D6671-29F8-4D7F-A96D-9E27DB697766}
	EndGlobalSection
EndGlobal
