
Microsoft Visual Studio Solution File, Format Version 12.00
# Visual Studio Version 17
VisualStudioVersion = 17.9.34607.119
MinimumVisualStudioVersion = 10.0.40219.1
Project("{8BC9CEB8-8B4A-11D0-8D11-00A0C91BC942}") = "泰勒近似", "泰勒近似\泰勒近似.vcxproj", "{AE69F59B-4F38-492C-9687-390BE843B6CC}"
EndProject
Project("{8BC9CEB8-8B4A-11D0-8D11-00A0C91BC942}") = "九九乘法表", "九九乘法表\九九乘法表.vcxproj", "{D2E73A08-7E68-44FE-8051-E9018F09CC08}"
EndProject
Project("{8BC9CEB8-8B4A-11D0-8D11-00A0C91BC942}") = "1-9相加得1953", "1-9相加得1953\1-9相加得1953.vcxproj", "{187DF6F7-AF55-4B79-A021-F2660456B2C1}"
EndProject
Project("{8BC9CEB8-8B4A-11D0-8D11-00A0C91BC942}") = "1-9相加得1953（C）", "1-9相加得1953（C）\1-9相加得1953（C）.vcxproj", "{D98C995D-6242-4D10-A076-5A8FAA55D1A2}"
EndProject
Project("{8BC9CEB8-8B4A-11D0-8D11-00A0C91BC942}") = "多重循环输出1", "多重循环输出1\多重循环输出1.vcxproj", "{7F2E72A3-FC32-4473-BCFF-79B3E90310DB}"
EndProject
Project("{8BC9CEB8-8B4A-11D0-8D11-00A0C91BC942}") = "多重循环输出2", "多重循环输出2\多重循环输出2.vcxproj", "{8D732068-87AD-4C05-8999-8872D7BD90EF}"
EndProject
Project("{8BC9CEB8-8B4A-11D0-8D11-00A0C91BC942}") = "多重循环输出3", "多重循环输出3\多重循环输出3.vcxproj", "{736E90C7-CA46-4251-95D6-01E6965E250F}"
EndProject
Project("{8BC9CEB8-8B4A-11D0-8D11-00A0C91BC942}") = "多重循环输出4", "多重循环输出4\多重循环输出4.vcxproj", "{B4764125-FA73-4008-9122-A578B0101FC2}"
EndProject
Project("{8BC9CEB8-8B4A-11D0-8D11-00A0C91BC942}") = "多重循环输出5", "多重循环输出5\多重循环输出5.vcxproj", "{9BA46A6E-5AFE-4FC4-A73D-9F18137B786B}"
EndProject
Project("{8BC9CEB8-8B4A-11D0-8D11-00A0C91BC942}") = "解决cin输入int错误", "解决cin输入int错误\解决cin输入int错误.vcxproj", "{E6497C7F-436A-4C80-81EF-9B347CDD8914}"
EndProject
Project("{8BC9CEB8-8B4A-11D0-8D11-00A0C91BC942}") = "解决scanf输入int错误", "解决scanf输入int错误\解决scanf输入int错误.vcxproj", "{0C74A233-532A-40DD-BFEB-85AB62591132}"
EndProject
Project("{8BC9CEB8-8B4A-11D0-8D11-00A0C91BC942}") = "打印月历", "打印月历\打印月历.vcxproj", "{8A4B659F-A00E-4BA1-81CE-D2B2CCDC1561}"
EndProject
Project("{8BC9CEB8-8B4A-11D0-8D11-00A0C91BC942}") = "打印月历（C）", "打印月历（C）\打印月历（C）.vcxproj", "{147ACDF9-BE6E-49E7-8DAD-96E26D520DA4}"
EndProject
Global
	GlobalSection(SolutionConfigurationPlatforms) = preSolution
		Debug|x64 = Debug|x64
		Debug|x86 = Debug|x86
		Release|x64 = Release|x64
		Release|x86 = Release|x86
	EndGlobalSection
	GlobalSection(ProjectConfigurationPlatforms) = postSolution
		{AE69F59B-4F38-492C-9687-390BE843B6CC}.Debug|x64.ActiveCfg = Debug|x64
		{AE69F59B-4F38-492C-9687-390BE843B6CC}.Debug|x64.Build.0 = Debug|x64
		{AE69F59B-4F38-492C-9687-390BE843B6CC}.Debug|x86.ActiveCfg = Debug|Win32
		{AE69F59B-4F38-492C-9687-390BE843B6CC}.Debug|x86.Build.0 = Debug|Win32
		{AE69F59B-4F38-492C-9687-390BE843B6CC}.Release|x64.ActiveCfg = Release|x64
		{AE69F59B-4F38-492C-9687-390BE843B6CC}.Release|x64.Build.0 = Release|x64
		{AE69F59B-4F38-492C-9687-390BE843B6CC}.Release|x86.ActiveCfg = Release|Win32
		{AE69F59B-4F38-492C-9687-390BE843B6CC}.Release|x86.Build.0 = Release|Win32
		{D2E73A08-7E68-44FE-8051-E9018F09CC08}.Debug|x64.ActiveCfg = Debug|x64
		{D2E73A08-7E68-44FE-8051-E9018F09CC08}.Debug|x64.Build.0 = Debug|x64
		{D2E73A08-7E68-44FE-8051-E9018F09CC08}.Debug|x86.ActiveCfg = Debug|Win32
		{D2E73A08-7E68-44FE-8051-E9018F09CC08}.Debug|x86.Build.0 = Debug|Win32
		{D2E73A08-7E68-44FE-8051-E9018F09CC08}.Release|x64.ActiveCfg = Release|x64
		{D2E73A08-7E68-44FE-8051-E9018F09CC08}.Release|x64.Build.0 = Release|x64
		{D2E73A08-7E68-44FE-8051-E9018F09CC08}.Release|x86.ActiveCfg = Release|Win32
		{D2E73A08-7E68-44FE-8051-E9018F09CC08}.Release|x86.Build.0 = Release|Win32
		{187DF6F7-AF55-4B79-A021-F2660456B2C1}.Debug|x64.ActiveCfg = Debug|x64
		{187DF6F7-AF55-4B79-A021-F2660456B2C1}.Debug|x64.Build.0 = Debug|x64
		{187DF6F7-AF55-4B79-A021-F2660456B2C1}.Debug|x86.ActiveCfg = Debug|Win32
		{187DF6F7-AF55-4B79-A021-F2660456B2C1}.Debug|x86.Build.0 = Debug|Win32
		{187DF6F7-AF55-4B79-A021-F2660456B2C1}.Release|x64.ActiveCfg = Release|x64
		{187DF6F7-AF55-4B79-A021-F2660456B2C1}.Release|x64.Build.0 = Release|x64
		{187DF6F7-AF55-4B79-A021-F2660456B2C1}.Release|x86.ActiveCfg = Release|Win32
		{187DF6F7-AF55-4B79-A021-F2660456B2C1}.Release|x86.Build.0 = Release|Win32
		{D98C995D-6242-4D10-A076-5A8FAA55D1A2}.Debug|x64.ActiveCfg = Debug|x64
		{D98C995D-6242-4D10-A076-5A8FAA55D1A2}.Debug|x64.Build.0 = Debug|x64
		{D98C995D-6242-4D10-A076-5A8FAA55D1A2}.Debug|x86.ActiveCfg = Debug|Win32
		{D98C995D-6242-4D10-A076-5A8FAA55D1A2}.Debug|x86.Build.0 = Debug|Win32
		{D98C995D-6242-4D10-A076-5A8FAA55D1A2}.Release|x64.ActiveCfg = Release|x64
		{D98C995D-6242-4D10-A076-5A8FAA55D1A2}.Release|x64.Build.0 = Release|x64
		{D98C995D-6242-4D10-A076-5A8FAA55D1A2}.Release|x86.ActiveCfg = Release|Win32
		{D98C995D-6242-4D10-A076-5A8FAA55D1A2}.Release|x86.Build.0 = Release|Win32
		{7F2E72A3-FC32-4473-BCFF-79B3E90310DB}.Debug|x64.ActiveCfg = Debug|x64
		{7F2E72A3-FC32-4473-BCFF-79B3E90310DB}.Debug|x64.Build.0 = Debug|x64
		{7F2E72A3-FC32-4473-BCFF-79B3E90310DB}.Debug|x86.ActiveCfg = Debug|Win32
		{7F2E72A3-FC32-4473-BCFF-79B3E90310DB}.Debug|x86.Build.0 = Debug|Win32
		{7F2E72A3-FC32-4473-BCFF-79B3E90310DB}.Release|x64.ActiveCfg = Release|x64
		{7F2E72A3-FC32-4473-BCFF-79B3E90310DB}.Release|x64.Build.0 = Release|x64
		{7F2E72A3-FC32-4473-BCFF-79B3E90310DB}.Release|x86.ActiveCfg = Release|Win32
		{7F2E72A3-FC32-4473-BCFF-79B3E90310DB}.Release|x86.Build.0 = Release|Win32
		{8D732068-87AD-4C05-8999-8872D7BD90EF}.Debug|x64.ActiveCfg = Debug|x64
		{8D732068-87AD-4C05-8999-8872D7BD90EF}.Debug|x64.Build.0 = Debug|x64
		{8D732068-87AD-4C05-8999-8872D7BD90EF}.Debug|x86.ActiveCfg = Debug|Win32
		{8D732068-87AD-4C05-8999-8872D7BD90EF}.Debug|x86.Build.0 = Debug|Win32
		{8D732068-87AD-4C05-8999-8872D7BD90EF}.Release|x64.ActiveCfg = Release|x64
		{8D732068-87AD-4C05-8999-8872D7BD90EF}.Release|x64.Build.0 = Release|x64
		{8D732068-87AD-4C05-8999-8872D7BD90EF}.Release|x86.ActiveCfg = Release|Win32
		{8D732068-87AD-4C05-8999-8872D7BD90EF}.Release|x86.Build.0 = Release|Win32
		{736E90C7-CA46-4251-95D6-01E6965E250F}.Debug|x64.ActiveCfg = Debug|x64
		{736E90C7-CA46-4251-95D6-01E6965E250F}.Debug|x64.Build.0 = Debug|x64
		{736E90C7-CA46-4251-95D6-01E6965E250F}.Debug|x86.ActiveCfg = Debug|Win32
		{736E90C7-CA46-4251-95D6-01E6965E250F}.Debug|x86.Build.0 = Debug|Win32
		{736E90C7-CA46-4251-95D6-01E6965E250F}.Release|x64.ActiveCfg = Release|x64
		{736E90C7-CA46-4251-95D6-01E6965E250F}.Release|x64.Build.0 = Release|x64
		{736E90C7-CA46-4251-95D6-01E6965E250F}.Release|x86.ActiveCfg = Release|Win32
		{736E90C7-CA46-4251-95D6-01E6965E250F}.Release|x86.Build.0 = Release|Win32
		{B4764125-FA73-4008-9122-A578B0101FC2}.Debug|x64.ActiveCfg = Debug|x64
		{B4764125-FA73-4008-9122-A578B0101FC2}.Debug|x64.Build.0 = Debug|x64
		{B4764125-FA73-4008-9122-A578B0101FC2}.Debug|x86.ActiveCfg = Debug|Win32
		{B4764125-FA73-4008-9122-A578B0101FC2}.Debug|x86.Build.0 = Debug|Win32
		{B4764125-FA73-4008-9122-A578B0101FC2}.Release|x64.ActiveCfg = Release|x64
		{B4764125-FA73-4008-9122-A578B0101FC2}.Release|x64.Build.0 = Release|x64
		{B4764125-FA73-4008-9122-A578B0101FC2}.Release|x86.ActiveCfg = Release|Win32
		{B4764125-FA73-4008-9122-A578B0101FC2}.Release|x86.Build.0 = Release|Win32
		{9BA46A6E-5AFE-4FC4-A73D-9F18137B786B}.Debug|x64.ActiveCfg = Debug|x64
		{9BA46A6E-5AFE-4FC4-A73D-9F18137B786B}.Debug|x64.Build.0 = Debug|x64
		{9BA46A6E-5AFE-4FC4-A73D-9F18137B786B}.Debug|x86.ActiveCfg = Debug|Win32
		{9BA46A6E-5AFE-4FC4-A73D-9F18137B786B}.Debug|x86.Build.0 = Debug|Win32
		{9BA46A6E-5AFE-4FC4-A73D-9F18137B786B}.Release|x64.ActiveCfg = Release|x64
		{9BA46A6E-5AFE-4FC4-A73D-9F18137B786B}.Release|x64.Build.0 = Release|x64
		{9BA46A6E-5AFE-4FC4-A73D-9F18137B786B}.Release|x86.ActiveCfg = Release|Win32
		{9BA46A6E-5AFE-4FC4-A73D-9F18137B786B}.Release|x86.Build.0 = Release|Win32
		{E6497C7F-436A-4C80-81EF-9B347CDD8914}.Debug|x64.ActiveCfg = Debug|x64
		{E6497C7F-436A-4C80-81EF-9B347CDD8914}.Debug|x64.Build.0 = Debug|x64
		{E6497C7F-436A-4C80-81EF-9B347CDD8914}.Debug|x86.ActiveCfg = Debug|Win32
		{E6497C7F-436A-4C80-81EF-9B347CDD8914}.Debug|x86.Build.0 = Debug|Win32
		{E6497C7F-436A-4C80-81EF-9B347CDD8914}.Release|x64.ActiveCfg = Release|x64
		{E6497C7F-436A-4C80-81EF-9B347CDD8914}.Release|x64.Build.0 = Release|x64
		{E6497C7F-436A-4C80-81EF-9B347CDD8914}.Release|x86.ActiveCfg = Release|Win32
		{E6497C7F-436A-4C80-81EF-9B347CDD8914}.Release|x86.Build.0 = Release|Win32
		{0C74A233-532A-40DD-BFEB-85AB62591132}.Debug|x64.ActiveCfg = Debug|x64
		{0C74A233-532A-40DD-BFEB-85AB62591132}.Debug|x64.Build.0 = Debug|x64
		{0C74A233-532A-40DD-BFEB-85AB62591132}.Debug|x86.ActiveCfg = Debug|Win32
		{0C74A233-532A-40DD-BFEB-85AB62591132}.Debug|x86.Build.0 = Debug|Win32
		{0C74A233-532A-40DD-BFEB-85AB62591132}.Release|x64.ActiveCfg = Release|x64
		{0C74A233-532A-40DD-BFEB-85AB62591132}.Release|x64.Build.0 = Release|x64
		{0C74A233-532A-40DD-BFEB-85AB62591132}.Release|x86.ActiveCfg = Release|Win32
		{0C74A233-532A-40DD-BFEB-85AB62591132}.Release|x86.Build.0 = Release|Win32
		{8A4B659F-A00E-4BA1-81CE-D2B2CCDC1561}.Debug|x64.ActiveCfg = Debug|x64
		{8A4B659F-A00E-4BA1-81CE-D2B2CCDC1561}.Debug|x64.Build.0 = Debug|x64
		{8A4B659F-A00E-4BA1-81CE-D2B2CCDC1561}.Debug|x86.ActiveCfg = Debug|Win32
		{8A4B659F-A00E-4BA1-81CE-D2B2CCDC1561}.Debug|x86.Build.0 = Debug|Win32
		{8A4B659F-A00E-4BA1-81CE-D2B2CCDC1561}.Release|x64.ActiveCfg = Release|x64
		{8A4B659F-A00E-4BA1-81CE-D2B2CCDC1561}.Release|x64.Build.0 = Release|x64
		{8A4B659F-A00E-4BA1-81CE-D2B2CCDC1561}.Release|x86.ActiveCfg = Release|Win32
		{8A4B659F-A00E-4BA1-81CE-D2B2CCDC1561}.Release|x86.Build.0 = Release|Win32
		{147ACDF9-BE6E-49E7-8DAD-96E26D520DA4}.Debug|x64.ActiveCfg = Debug|x64
		{147ACDF9-BE6E-49E7-8DAD-96E26D520DA4}.Debug|x64.Build.0 = Debug|x64
		{147ACDF9-BE6E-49E7-8DAD-96E26D520DA4}.Debug|x86.ActiveCfg = Debug|Win32
		{147ACDF9-BE6E-49E7-8DAD-96E26D520DA4}.Debug|x86.Build.0 = Debug|Win32
		{147ACDF9-BE6E-49E7-8DAD-96E26D520DA4}.Release|x64.ActiveCfg = Release|x64
		{147ACDF9-BE6E-49E7-8DAD-96E26D520DA4}.Release|x64.Build.0 = Release|x64
		{147ACDF9-BE6E-49E7-8DAD-96E26D520DA4}.Release|x86.ActiveCfg = Release|Win32
		{147ACDF9-BE6E-49E7-8DAD-96E26D520DA4}.Release|x86.Build.0 = Release|Win32
	EndGlobalSection
	GlobalSection(SolutionProperties) = preSolution
		HideSolutionNode = FALSE
	EndGlobalSection
	GlobalSection(ExtensibilityGlobals) = postSolution
		SolutionGuid = {373B39FF-F743-4C90-A4F7-854F0E7F5843}
	EndGlobalSection
EndGlobal
