
Microsoft Visual Studio Solution File, Format Version 12.00
# Visual Studio Version 17
VisualStudioVersion = 17.9.34607.119
MinimumVisualStudioVersion = 10.0.40219.1
Project("{8BC9CEB8-8B4A-11D0-8D11-00A0C91BC942}") = "4-b14", "4-b14\4-b14.vcxproj", "{440968AC-E03B-49F2-9A09-8835DD397AC9}"
EndProject
Project("{8BC9CEB8-8B4A-11D0-8D11-00A0C91BC942}") = "4-b15", "4-b15\4-b15.vcxproj", "{64856EDF-8E12-4C2C-8220-14635D4E0F3A}"
EndProject
Project("{8BC9CEB8-8B4A-11D0-8D11-00A0C91BC942}") = "4-b17", "4-b17\4-b17.vcxproj", "{109BAF32-144A-4C23-8D9D-8185CBC7E1B7}"
EndProject
Project("{8BC9CEB8-8B4A-11D0-8D11-00A0C91BC942}") = "4-b16", "4-b16\4-b16.vcxproj", "{2E978289-5A30-4439-AD07-342B69E16DC1}"
EndProject
Global
	GlobalSection(SolutionConfigurationPlatforms) = preSolution
		Debug|x64 = Debug|x64
		Debug|x86 = Debug|x86
		Release|x64 = Release|x64
		Release|x86 = Release|x86
	EndGlobalSection
	GlobalSection(ProjectConfigurationPlatforms) = postSolution
		{440968AC-E03B-49F2-9A09-8835DD397AC9}.Debug|x64.ActiveCfg = Debug|x64
		{440968AC-E03B-49F2-9A09-8835DD397AC9}.Debug|x64.Build.0 = Debug|x64
		{440968AC-E03B-49F2-9A09-8835DD397AC9}.Debug|x86.ActiveCfg = Debug|Win32
		{440968AC-E03B-49F2-9A09-8835DD397AC9}.Debug|x86.Build.0 = Debug|Win32
		{440968AC-E03B-49F2-9A09-8835DD397AC9}.Release|x64.ActiveCfg = Release|x64
		{440968AC-E03B-49F2-9A09-8835DD397AC9}.Release|x64.Build.0 = Release|x64
		{440968AC-E03B-49F2-9A09-8835DD397AC9}.Release|x86.ActiveCfg = Release|Win32
		{440968AC-E03B-49F2-9A09-8835DD397AC9}.Release|x86.Build.0 = Release|Win32
		{64856EDF-8E12-4C2C-8220-14635D4E0F3A}.Debug|x64.ActiveCfg = Debug|x64
		{64856EDF-8E12-4C2C-8220-14635D4E0F3A}.Debug|x64.Build.0 = Debug|x64
		{64856EDF-8E12-4C2C-8220-14635D4E0F3A}.Debug|x86.ActiveCfg = Debug|Win32
		{64856EDF-8E12-4C2C-8220-14635D4E0F3A}.Debug|x86.Build.0 = Debug|Win32
		{64856EDF-8E12-4C2C-8220-14635D4E0F3A}.Release|x64.ActiveCfg = Release|x64
		{64856EDF-8E12-4C2C-8220-14635D4E0F3A}.Release|x64.Build.0 = Release|x64
		{64856EDF-8E12-4C2C-8220-14635D4E0F3A}.Release|x86.ActiveCfg = Release|Win32
		{64856EDF-8E12-4C2C-8220-14635D4E0F3A}.Release|x86.Build.0 = Release|Win32
		{109BAF32-144A-4C23-8D9D-8185CBC7E1B7}.Debug|x64.ActiveCfg = Debug|x64
		{109BAF32-144A-4C23-8D9D-8185CBC7E1B7}.Debug|x64.Build.0 = Debug|x64
		{109BAF32-144A-4C23-8D9D-8185CBC7E1B7}.Debug|x86.ActiveCfg = Debug|Win32
		{109BAF32-144A-4C23-8D9D-8185CBC7E1B7}.Debug|x86.Build.0 = Debug|Win32
		{109BAF32-144A-4C23-8D9D-8185CBC7E1B7}.Release|x64.ActiveCfg = Release|x64
		{109BAF32-144A-4C23-8D9D-8185CBC7E1B7}.Release|x64.Build.0 = Release|x64
		{109BAF32-144A-4C23-8D9D-8185CBC7E1B7}.Release|x86.ActiveCfg = Release|Win32
		{109BAF32-144A-4C23-8D9D-8185CBC7E1B7}.Release|x86.Build.0 = Release|Win32
		{2E978289-5A30-4439-AD07-342B69E16DC1}.Debug|x64.ActiveCfg = Debug|x64
		{2E978289-5A30-4439-AD07-342B69E16DC1}.Debug|x64.Build.0 = Debug|x64
		{2E978289-5A30-4439-AD07-342B69E16DC1}.Debug|x86.ActiveCfg = Debug|Win32
		{2E978289-5A30-4439-AD07-342B69E16DC1}.Debug|x86.Build.0 = Debug|Win32
		{2E978289-5A30-4439-AD07-342B69E16DC1}.Release|x64.ActiveCfg = Release|x64
		{2E978289-5A30-4439-AD07-342B69E16DC1}.Release|x64.Build.0 = Release|x64
		{2E978289-5A30-4439-AD07-342B69E16DC1}.Release|x86.ActiveCfg = Release|Win32
		{2E978289-5A30-4439-AD07-342B69E16DC1}.Release|x86.Build.0 = Release|Win32
	EndGlobalSection
	GlobalSection(SolutionProperties) = preSolution
		HideSolutionNode = FALSE
	EndGlobalSection
	GlobalSection(ExtensibilityGlobals) = postSolution
		SolutionGuid = {F1964DD5-2525-445C-9371-5D82A4E76EA9}
	EndGlobalSection
EndGlobal
